
Microsoft Visual Studio Solution File, Format Version 12.00
# Visual Studio Version 16
VisualStudioVersion = 16.0.33027.164
MinimumVisualStudioVersion = 10.0.40219.1
Project("{FAE04EC0-301F-11D3-BF4B-00C04F79EFBC}") = "SampleProjCoreWebApp", "SampleProjCoreWebApp.csproj", "{630A5380-06D5-4C13-A7B4-A6A885673EB7}"
EndProject
Global
	GlobalSection(SolutionConfigurationPlatforms) = preSolution
		Debug|Any CPU = Debug|Any CPU
		Release|Any CPU = Release|Any CPU
	EndGlobalSection
	GlobalSection(ProjectConfigurationPlatforms) = postSolution
		{630A5380-06D5-4C13-A7B4-A6A885673EB7}.Debug|Any CPU.ActiveCfg = Debug|Any CPU
		{630A5380-06D5-4C13-A7B4-A6A885673EB7}.Debug|Any CPU.Build.0 = Debug|Any CPU
		{630A5380-06D5-4C13-A7B4-A6A885673EB7}.Release|Any CPU.ActiveCfg = Release|Any CPU
		{630A5380-06D5-4C13-A7B4-A6A885673EB7}.Release|Any CPU.Build.0 = Release|Any CPU
	EndGlobalSection
	GlobalSection(SolutionProperties) = preSolution
		HideSolutionNode = FALSE
	EndGlobalSection
	GlobalSection(ExtensibilityGlobals) = postSolution
		SolutionGuid = {D53FDBE0-B8D2-49CA-BCEC-F19CE1ECC7E6}
	EndGlobalSection
EndGlobal
